
Microsoft Visual Studio Solution File, Format Version 12.00
# Visual Studio 15
VisualStudioVersion = 15.0.28010.2016
MinimumVisualStudioVersion = 10.0.40219.1
Project("{FAE04EC0-301F-11D3-BF4B-00C04F79EFBC}") = "Exception_1", "Exception_1\Exception_1.csproj", "{F5E2E9F6-06EC-47F5-B4B5-B12A471F8413}"
EndProject
Global
	GlobalSection(SolutionConfigurationPlatforms) = preSolution
		Debug|Any CPU = Debug|Any CPU
		Release|Any CPU = Release|Any CPU
	EndGlobalSection
	GlobalSection(ProjectConfigurationPlatforms) = postSolution
		{F5E2E9F6-06EC-47F5-B4B5-B12A471F8413}.Debug|Any CPU.ActiveCfg = Debug|Any CPU
		{F5E2E9F6-06EC-47F5-B4B5-B12A471F8413}.Debug|Any CPU.Build.0 = Debug|Any CPU
		{F5E2E9F6-06EC-47F5-B4B5-B12A471F8413}.Release|Any CPU.ActiveCfg = Release|Any CPU
		{F5E2E9F6-06EC-47F5-B4B5-B12A471F8413}.Release|Any CPU.Build.0 = Release|Any CPU
	EndGlobalSection
	GlobalSection(SolutionProperties) = preSolution
		HideSolutionNode = FALSE
	EndGlobalSection
	GlobalSection(ExtensibilityGlobals) = postSolution
		SolutionGuid = {F08CE6A5-ADDB-4786-9903-91E6C8AF35A9}
	EndGlobalSection
EndGlobal
