
Microsoft Visual Studio Solution File, Format Version 12.00
# Visual Studio 15
VisualStudioVersion = 15.0.27130.2024
MinimumVisualStudioVersion = 10.0.40219.1
Project("{FAE04EC0-301F-11D3-BF4B-00C04F79EFBC}") = "DelegateEvent", "DelegateEvent\DelegateEvent.csproj", "{EAB85950-FB67-44FE-AE03-11D241508936}"
EndProject
Global
	GlobalSection(SolutionConfigurationPlatforms) = preSolution
		Debug|Any CPU = Debug|Any CPU
		Release|Any CPU = Release|Any CPU
	EndGlobalSection
	GlobalSection(ProjectConfigurationPlatforms) = postSolution
		{EAB85950-FB67-44FE-AE03-11D241508936}.Debug|Any CPU.ActiveCfg = Debug|Any CPU
		{EAB85950-FB67-44FE-AE03-11D241508936}.Debug|Any CPU.Build.0 = Debug|Any CPU
		{EAB85950-FB67-44FE-AE03-11D241508936}.Release|Any CPU.ActiveCfg = Release|Any CPU
		{EAB85950-FB67-44FE-AE03-11D241508936}.Release|Any CPU.Build.0 = Release|Any CPU
	EndGlobalSection
	GlobalSection(SolutionProperties) = preSolution
		HideSolutionNode = FALSE
	EndGlobalSection
	GlobalSection(ExtensibilityGlobals) = postSolution
		SolutionGuid = {53A995F0-8DEC-4327-B7AE-88CEC49BE300}
	EndGlobalSection
EndGlobal
