
Microsoft Visual Studio Solution File, Format Version 12.00
# Visual Studio 15
VisualStudioVersion = 15.0.28010.2016
MinimumVisualStudioVersion = 10.0.40219.1
Project("{FAE04EC0-301F-11D3-BF4B-00C04F79EFBC}") = "Stack_1", "Stack_1\Stack_1.csproj", "{ED1D2A11-7065-405D-8911-0CA554697C33}"
EndProject
Global
	GlobalSection(SolutionConfigurationPlatforms) = preSolution
		Debug|Any CPU = Debug|Any CPU
		Release|Any CPU = Release|Any CPU
	EndGlobalSection
	GlobalSection(ProjectConfigurationPlatforms) = postSolution
		{ED1D2A11-7065-405D-8911-0CA554697C33}.Debug|Any CPU.ActiveCfg = Debug|Any CPU
		{ED1D2A11-7065-405D-8911-0CA554697C33}.Debug|Any CPU.Build.0 = Debug|Any CPU
		{ED1D2A11-7065-405D-8911-0CA554697C33}.Release|Any CPU.ActiveCfg = Release|Any CPU
		{ED1D2A11-7065-405D-8911-0CA554697C33}.Release|Any CPU.Build.0 = Release|Any CPU
	EndGlobalSection
	GlobalSection(SolutionProperties) = preSolution
		HideSolutionNode = FALSE
	EndGlobalSection
	GlobalSection(ExtensibilityGlobals) = postSolution
		SolutionGuid = {7F4D5E84-8752-48C9-B503-1BF116E3A1C4}
	EndGlobalSection
EndGlobal
