
Microsoft Visual Studio Solution File, Format Version 12.00
# Visual Studio 15
VisualStudioVersion = 15.0.28010.2016
MinimumVisualStudioVersion = 10.0.40219.1
Project("{FAE04EC0-301F-11D3-BF4B-00C04F79EFBC}") = "Virtual_Override", "Virtual_Override\Virtual_Override.csproj", "{99661332-D1A2-4AD8-9D55-4040C5EA635D}"
EndProject
Global
	GlobalSection(SolutionConfigurationPlatforms) = preSolution
		Debug|Any CPU = Debug|Any CPU
		Release|Any CPU = Release|Any CPU
	EndGlobalSection
	GlobalSection(ProjectConfigurationPlatforms) = postSolution
		{99661332-D1A2-4AD8-9D55-4040C5EA635D}.Debug|Any CPU.ActiveCfg = Debug|Any CPU
		{99661332-D1A2-4AD8-9D55-4040C5EA635D}.Debug|Any CPU.Build.0 = Debug|Any CPU
		{99661332-D1A2-4AD8-9D55-4040C5EA635D}.Release|Any CPU.ActiveCfg = Release|Any CPU
		{99661332-D1A2-4AD8-9D55-4040C5EA635D}.Release|Any CPU.Build.0 = Release|Any CPU
	EndGlobalSection
	GlobalSection(SolutionProperties) = preSolution
		HideSolutionNode = FALSE
	EndGlobalSection
	GlobalSection(ExtensibilityGlobals) = postSolution
		SolutionGuid = {EAF2C2F0-8C6B-4FFF-8EEB-6D3B80494928}
	EndGlobalSection
EndGlobal
