
Microsoft Visual Studio Solution File, Format Version 12.00
# Visual Studio 15
VisualStudioVersion = 15.0.28307.489
MinimumVisualStudioVersion = 10.0.40219.1
Project("{FAE04EC0-301F-11D3-BF4B-00C04F79EFBC}") = "DoubleLinkedList", "DoubleLinkedList\DoubleLinkedList.csproj", "{FFB76A35-25DB-42FE-8C2B-C743F0BDF1CD}"
EndProject
Global
	GlobalSection(SolutionConfigurationPlatforms) = preSolution
		Debug|Any CPU = Debug|Any CPU
		Release|Any CPU = Release|Any CPU
	EndGlobalSection
	GlobalSection(ProjectConfigurationPlatforms) = postSolution
		{FFB76A35-25DB-42FE-8C2B-C743F0BDF1CD}.Debug|Any CPU.ActiveCfg = Debug|Any CPU
		{FFB76A35-25DB-42FE-8C2B-C743F0BDF1CD}.Debug|Any CPU.Build.0 = Debug|Any CPU
		{FFB76A35-25DB-42FE-8C2B-C743F0BDF1CD}.Release|Any CPU.ActiveCfg = Release|Any CPU
		{FFB76A35-25DB-42FE-8C2B-C743F0BDF1CD}.Release|Any CPU.Build.0 = Release|Any CPU
	EndGlobalSection
	GlobalSection(SolutionProperties) = preSolution
		HideSolutionNode = FALSE
	EndGlobalSection
	GlobalSection(ExtensibilityGlobals) = postSolution
		SolutionGuid = {C6E5A24F-CD4A-4F5F-B6FF-64FAA1B08C79}
	EndGlobalSection
EndGlobal
